
Microsoft Visual Studio Solution File, Format Version 12.00
# Visual Studio Version 17
VisualStudioVersion = 17.0.32014.148
MinimumVisualStudioVersion = 10.0.40219.1
Project("{8BC9CEB8-8B4A-11D0-8D11-00A0C91BC942}") = "cars", "cars\cars.vcxproj", "{204FD8EE-842C-4C59-A560-B2871374B5CD}"
EndProject
Global
	GlobalSection(SolutionConfigurationPlatforms) = preSolution
		Debug|x64 = Debug|x64
		Release|x64 = Release|x64
	EndGlobalSection
	GlobalSection(ProjectConfigurationPlatforms) = postSolution
		{204FD8EE-842C-4C59-A560-B2871374B5CD}.Debug|x64.ActiveCfg = Debug|x64
		{204FD8EE-842C-4C59-A560-B2871374B5CD}.Debug|x64.Build.0 = Debug|x64
		{204FD8EE-842C-4C59-A560-B2871374B5CD}.Release|x64.ActiveCfg = Release|x64
		{204FD8EE-842C-4C59-A560-B2871374B5CD}.Release|x64.Build.0 = Release|x64
	EndGlobalSection
	GlobalSection(SolutionProperties) = preSolution
		HideSolutionNode = FALSE
	EndGlobalSection
	GlobalSection(ExtensibilityGlobals) = postSolution
		SolutionGuid = {F5015204-3B22-40AD-AB35-0AAC336769EC}
	EndGlobalSection
EndGlobal
